
Microsoft Visual Studio Solution File, Format Version 12.00
# Visual Studio Version 17
VisualStudioVersion = 17.7.34003.232
MinimumVisualStudioVersion = 10.0.40219.1
Project("{F184B08F-C81C-45F6-A57F-5ABD9991F28F}") = "VB_TestFile", "VB_TestFile\VB_TestFile.vbproj", "{1C750C1E-AB0E-4584-A419-D424E72D3FB5}"
EndProject
Global
	GlobalSection(SolutionConfigurationPlatforms) = preSolution
		Debug|Any CPU = Debug|Any CPU
		Release|Any CPU = Release|Any CPU
	EndGlobalSection
	GlobalSection(ProjectConfigurationPlatforms) = postSolution
		{1C750C1E-AB0E-4584-A419-D424E72D3FB5}.Debug|Any CPU.ActiveCfg = Debug|Any CPU
		{1C750C1E-AB0E-4584-A419-D424E72D3FB5}.Debug|Any CPU.Build.0 = Debug|Any CPU
		{1C750C1E-AB0E-4584-A419-D424E72D3FB5}.Release|Any CPU.ActiveCfg = Release|Any CPU
		{1C750C1E-AB0E-4584-A419-D424E72D3FB5}.Release|Any CPU.Build.0 = Release|Any CPU
	EndGlobalSection
	GlobalSection(SolutionProperties) = preSolution
		HideSolutionNode = FALSE
	EndGlobalSection
	GlobalSection(ExtensibilityGlobals) = postSolution
		SolutionGuid = {1D46EE05-23B7-4CB1-94AD-57B23CC314E2}
	EndGlobalSection
EndGlobal
